{
  "name": "demo-node",
  "version": "1.0.0",
  "lockfileVersion": 3,
  "requires": true,
  "packages": {
    "": {
      "name": "demo-node",
      "version": "1.0.0",
      "license": "ISC",
      "dependencies": {
        "polyfill": "^0.1.0"
      }
    },
    "node_modules/json3": {
      "version": "3.2.4",
      "resolved": "https://registry.npmjs.org/json3/-/json3-3.2.4.tgz",
      "integrity": "sha512-F2R+w8lYbeme21HBvmfTXK3ogopKze5Abjb0cF5mEsZ4KJmDwzR6oO8XsUrrBP0yzpqBRYImh32ci6JKFrte7Q==",
      "deprecated": "Please use the native JSON object instead of JSON 3",
      "engines": {
        "node": "*"
      }
    },
    "node_modules/polyfill": {
      "version": "0.1.0",
      "resolved": "https://registry.npmjs.org/polyfill/-/polyfill-0.1.0.tgz",
      "integrity": "sha512-EL2FdBj6IBG41Fxd4IoEX3fCDKccLmtlYMS5cCUR4k/rmrc0vRSLLqbgWIy7OQi2oQfNxipQYCckiebomiohyg==",
      "dependencies": {
        "json3": "3.2.4"
      }
    }
  }
}
